{
  "name": "mco-parser",
  "version": "0.0.1",
  "lockfileVersion": 1,
  "requires": true,
  "dependencies": {
    "@frogcat/ttl2jsonld": {
      "version": "0.0.6",
      "resolved": "https://registry.npmjs.org/@frogcat/ttl2jsonld/-/ttl2jsonld-0.0.6.tgz",
      "integrity": "sha512-KwZDRYfrYKtRS35OniszIwZWuuvqkXocpSXU7KQ/7fF2OLoe2Zg8oXQidgw/4xLgRuzoQIELcOgvWXk2W2f8Lg=="
    }
  }
}
